{
  "name": "campusHub",
  "lockfileVersion": 3,
  "requires": true,
  "packages": {
    "": {
      "dependencies": {
        "@yudiel/react-qr-scanner": "^2.4.1"
      }
    },
    "node_modules/@types/emscripten": {
      "version": "1.41.5",
      "resolved": "https://registry.npmjs.org/@types/emscripten/-/emscripten-1.41.5.tgz",
      "integrity": "sha512-cMQm7pxu6BxtHyqJ7mQZ2kXWV5SLmugybFdHCBbJ5eHzOo6VhBckEgAT3//rP5FwPHNPeEiq4SmQ5ucBwsOo4Q==",
      "license": "MIT"
    },
    "node_modules/@yudiel/react-qr-scanner": {
      "version": "2.4.1",
      "resolved": "https://registry.npmjs.org/@yudiel/react-qr-scanner/-/react-qr-scanner-2.4.1.tgz",
      "integrity": "sha512-O5lkVrfUR7VixJLvuIxnzANi/O+KlObPnfkJk8btGeFY+Y7pC4kv8iDQhs/Cw9KiiyD7VSJDcHUHVKsYR8/xmw==",
      "license": "MIT",
      "dependencies": {
        "barcode-detector": "3.0.6",
        "webrtc-adapter": "9.0.3"
      },
      "peerDependencies": {
        "react": "^17 || ^18 || ^19",
        "react-dom": "^17 || ^18 || ^19"
      }
    },
    "node_modules/barcode-detector": {
      "version": "3.0.6",
      "resolved": "https://registry.npmjs.org/barcode-detector/-/barcode-detector-3.0.6.tgz",
      "integrity": "sha512-v4xTr6B+FINl/p1RDl38qzIwF+Repfo+k/a/HlKTJKAJpNvACD6v7AH7LSPvfR4AdzXXuwai04huA4TWn02Znw==",
      "license": "MIT",
      "dependencies": {
        "zxing-wasm": "2.2.2"
      }
    },
    "node_modules/react": {
      "version": "19.2.0",
      "resolved": "https://registry.npmjs.org/react/-/react-19.2.0.tgz",
      "integrity": "sha512-tmbWg6W31tQLeB5cdIBOicJDJRR2KzXsV7uSK9iNfLWQ5bIZfxuPEHp7M8wiHyHnn0DD1i7w3Zmin0FtkrwoCQ==",
      "license": "MIT",
      "peer": true,
      "engines": {
        "node": ">=0.10.0"
      }
    },
    "node_modules/react-dom": {
      "version": "19.2.0",
      "resolved": "https://registry.npmjs.org/react-dom/-/react-dom-19.2.0.tgz",
      "integrity": "sha512-UlbRu4cAiGaIewkPyiRGJk0imDN2T3JjieT6spoL2UeSf5od4n5LB/mQ4ejmxhCFT1tYe8IvaFulzynWovsEFQ==",
      "license": "MIT",
      "peer": true,
      "dependencies": {
        "scheduler": "^0.27.0"
      },
      "peerDependencies": {
        "react": "^19.2.0"
      }
    },
    "node_modules/scheduler": {
      "version": "0.27.0",
      "resolved": "https://registry.npmjs.org/scheduler/-/scheduler-0.27.0.tgz",
      "integrity": "sha512-eNv+WrVbKu1f3vbYJT/xtiF5syA5HPIMtf9IgY/nKg0sWqzAUEvqY/xm7OcZc/qafLx/iO9FgOmeSAp4v5ti/Q==",
      "license": "MIT"
    },
    "node_modules/sdp": {
      "version": "3.2.1",
      "resolved": "https://registry.npmjs.org/sdp/-/sdp-3.2.1.tgz",
      "integrity": "sha512-lwsAIzOPlH8/7IIjjz3K0zYBk7aBVVcvjMwt3M4fLxpjMYyy7i3I97SLHebgn4YBjirkzfp3RvRDWSKsh/+WFw==",
      "license": "MIT"
    },
    "node_modules/tagged-tag": {
      "version": "1.0.0",
      "resolved": "https://registry.npmjs.org/tagged-tag/-/tagged-tag-1.0.0.tgz",
      "integrity": "sha512-yEFYrVhod+hdNyx7g5Bnkkb0G6si8HJurOoOEgC8B/O0uXLHlaey/65KRv6cuWBNhBgHKAROVpc7QyYqE5gFng==",
      "license": "MIT",
      "engines": {
        "node": ">=20"
      },
      "funding": {
        "url": "https://github.com/sponsors/sindresorhus"
      }
    },
    "node_modules/type-fest": {
      "version": "5.2.0",
      "resolved": "https://registry.npmjs.org/type-fest/-/type-fest-5.2.0.tgz",
      "integrity": "sha512-xxCJm+Bckc6kQBknN7i9fnP/xobQRsRQxR01CztFkp/h++yfVxUUcmMgfR2HttJx/dpWjS9ubVuyspJv24Q9DA==",
      "license": "(MIT OR CC0-1.0)",
      "dependencies": {
        "tagged-tag": "^1.0.0"
      },
      "engines": {
        "node": ">=20"
      },
      "funding": {
        "url": "https://github.com/sponsors/sindresorhus"
      }
    },
    "node_modules/webrtc-adapter": {
      "version": "9.0.3",
      "resolved": "https://registry.npmjs.org/webrtc-adapter/-/webrtc-adapter-9.0.3.tgz",
      "integrity": "sha512-5fALBcroIl31OeXAdd1YUntxiZl1eHlZZWzNg3U4Fn+J9/cGL3eT80YlrsWGvj2ojuz1rZr2OXkgCzIxAZ7vRQ==",
      "license": "BSD-3-Clause",
      "dependencies": {
        "sdp": "^3.2.0"
      },
      "engines": {
        "node": ">=6.0.0",
        "npm": ">=3.10.0"
      }
    },
    "node_modules/zxing-wasm": {
      "version": "2.2.2",
      "resolved": "https://registry.npmjs.org/zxing-wasm/-/zxing-wasm-2.2.2.tgz",
      "integrity": "sha512-Q9/B9whEwAUABvr7ScHl36wVZTBWVHAaumx45uGQLl2GGRp5ZRtDtwbz5scOwl/xzL07fximIqoQqqmzf9eJJA==",
      "license": "MIT",
      "dependencies": {
        "@types/emscripten": "^1.41.2",
        "type-fest": "^5.0.1"
      },
      "peerDependencies": {
        "@types/emscripten": ">=1.39.6"
      }
    }
  }
}
